// !$*UTF8*$!
{
	archiveVersion = 1;
	classes = {
	};
	objectVersion = 50;
	objects = {

/* Begin PBXBuildFile section */
		4BDD736724B1314B002C15FD /* AppDelegate.swift in Sources */ = {isa = PBXBuildFile; fileRef = 4BDD736624B1314B002C15FD /* AppDelegate.swift */; };
		4BDD736924B1314B002C15FD /* SceneDelegate.swift in Sources */ = {isa = PBXBuildFile; fileRef = 4BDD736824B1314B002C15FD /* SceneDelegate.swift */; };
		4BDD736B24B1314B002C15FD /* LandmarkDetail.swift in Sources */ = {isa = PBXBuildFile; fileRef = 4BDD736A24B1314B002C15FD /* LandmarkDetail.swift */; };
		4BDD736D24B1314E002C15FD /* Assets.xcassets in Resources */ = {isa = PBXBuildFile; fileRef = 4BDD736C24B1314E002C15FD /* Assets.xcassets */; };
		4BDD737024B1314E002C15FD /* Preview Assets.xcassets in Resources */ = {isa = PBXBuildFile; fileRef = 4BDD736F24B1314E002C15FD /* Preview Assets.xcassets */; };
		4BDD737324B1314E002C15FD /* LaunchScreen.storyboard in Resources */ = {isa = PBXBuildFile; fileRef = 4BDD737124B1314E002C15FD /* LaunchScreen.storyboard */; };
		4BDD738624B14D5A002C15FD /* CircleImage.swift in Sources */ = {isa = PBXBuildFile; fileRef = 4BDD738524B14D5A002C15FD /* CircleImage.swift */; };
		4BDD738724B14D5A002C15FD /* MapView.swift in Sources */ = {isa = PBXBuildFile; fileRef = 4BDD738424B14D5A002C15FD /* MapView.swift */; };
		4BDD73A624B151E5002C15FD /* Landmark.swift in Sources */ = {isa = PBXBuildFile; fileRef = 4BDD73A524B151E5002C15FD /* Landmark.swift */; };
		4BDD73A824B15394002C15FD /* Data.swift in Sources */ = {isa = PBXBuildFile; fileRef = 4BDD73A724B15394002C15FD /* Data.swift */; };
		4BDD73AA24B16928002C15FD /* LandmarkRow.swift in Sources */ = {isa = PBXBuildFile; fileRef = 4BDD73A924B16928002C15FD /* LandmarkRow.swift */; };
		4BDD73AC24B16A83002C15FD /* LandmarkList.swift in Sources */ = {isa = PBXBuildFile; fileRef = 4BDD73AB24B16A83002C15FD /* LandmarkList.swift */; };
		4BDD73BA24B17B48002C15FD /* icybay.jpg in Resources */ = {isa = PBXBuildFile; fileRef = 4BDD73AD24B17B47002C15FD /* icybay.jpg */; };
		4BDD73BB24B17B48002C15FD /* twinlake.jpg in Resources */ = {isa = PBXBuildFile; fileRef = 4BDD73AE24B17B47002C15FD /* twinlake.jpg */; };
		4BDD73BC24B17B48002C15FD /* lakemcdonald.jpg in Resources */ = {isa = PBXBuildFile; fileRef = 4BDD73AF24B17B47002C15FD /* lakemcdonald.jpg */; };
		4BDD73BD24B17B48002C15FD /* hiddenlake.jpg in Resources */ = {isa = PBXBuildFile; fileRef = 4BDD73B024B17B47002C15FD /* hiddenlake.jpg */; };
		4BDD73BE24B17B48002C15FD /* umbagog.jpg in Resources */ = {isa = PBXBuildFile; fileRef = 4BDD73B124B17B47002C15FD /* umbagog.jpg */; };
		4BDD73BF24B17B48002C15FD /* rainbowlake.jpg in Resources */ = {isa = PBXBuildFile; fileRef = 4BDD73B224B17B47002C15FD /* rainbowlake.jpg */; };
		4BDD73C024B17B48002C15FD /* stmarylake.jpg in Resources */ = {isa = PBXBuildFile; fileRef = 4BDD73B324B17B47002C15FD /* stmarylake.jpg */; };
		4BDD73C124B17B48002C15FD /* chincoteague.jpg in Resources */ = {isa = PBXBuildFile; fileRef = 4BDD73B424B17B47002C15FD /* chincoteague.jpg */; };
		4BDD73C224B17B48002C15FD /* landmarkData.json in Resources */ = {isa = PBXBuildFile; fileRef = 4BDD73B524B17B47002C15FD /* landmarkData.json */; };
		4BDD73C324B17B48002C15FD /* silversalmoncreek.jpg in Resources */ = {isa = PBXBuildFile; fileRef = 4BDD73B624B17B47002C15FD /* silversalmoncreek.jpg */; };
		4BDD73C424B17B48002C15FD /* chilkoottrail.jpg in Resources */ = {isa = PBXBuildFile; fileRef = 4BDD73B724B17B48002C15FD /* chilkoottrail.jpg */; };
		4BDD73C524B17B48002C15FD /* charleyrivers.jpg in Resources */ = {isa = PBXBuildFile; fileRef = 4BDD73B824B17B48002C15FD /* charleyrivers.jpg */; };
		4BDD73C624B17B48002C15FD /* turtlerock.jpg in Resources */ = {isa = PBXBuildFile; fileRef = 4BDD73B924B17B48002C15FD /* turtlerock.jpg */; };
		4BDD73C824B18F16002C15FD /* UserData.swift in Sources */ = {isa = PBXBuildFile; fileRef = 4BDD73C724B18F16002C15FD /* UserData.swift */; };
/* End PBXBuildFile section */

/* Begin PBXFileReference section */
		4BDD736324B1314B002C15FD /* swiftuidemo.app */ = {isa = PBXFileReference; explicitFileType = wrapper.application; includeInIndex = 0; path = swiftuidemo.app; sourceTree = BUILT_PRODUCTS_DIR; };
		4BDD736624B1314B002C15FD /* AppDelegate.swift */ = {isa = PBXFileReference; lastKnownFileType = sourcecode.swift; path = AppDelegate.swift; sourceTree = "<group>"; };
		4BDD736824B1314B002C15FD /* SceneDelegate.swift */ = {isa = PBXFileReference; lastKnownFileType = sourcecode.swift; path = SceneDelegate.swift; sourceTree = "<group>"; };
		4BDD736A24B1314B002C15FD /* LandmarkDetail.swift */ = {isa = PBXFileReference; lastKnownFileType = sourcecode.swift; path = LandmarkDetail.swift; sourceTree = "<group>"; };
		4BDD736C24B1314E002C15FD /* Assets.xcassets */ = {isa = PBXFileReference; lastKnownFileType = folder.assetcatalog; path = Assets.xcassets; sourceTree = "<group>"; };
		4BDD736F24B1314E002C15FD /* Preview Assets.xcassets */ = {isa = PBXFileReference; lastKnownFileType = folder.assetcatalog; path = "Preview Assets.xcassets"; sourceTree = "<group>"; };
		4BDD737224B1314E002C15FD /* Base */ = {isa = PBXFileReference; lastKnownFileType = file.storyboard; name = Base; path = Base.lproj/LaunchScreen.storyboard; sourceTree = "<group>"; };
		4BDD737424B1314E002C15FD /* Info.plist */ = {isa = PBXFileReference; lastKnownFileType = text.plist.xml; path = Info.plist; sourceTree = "<group>"; };
		4BDD738424B14D5A002C15FD /* MapView.swift */ = {isa = PBXFileReference; lastKnownFileType = sourcecode.swift; path = MapView.swift; sourceTree = "<group>"; };
		4BDD738524B14D5A002C15FD /* CircleImage.swift */ = {isa = PBXFileReference; lastKnownFileType = sourcecode.swift; path = CircleImage.swift; sourceTree = "<group>"; };
		4BDD73A524B151E5002C15FD /* Landmark.swift */ = {isa = PBXFileReference; lastKnownFileType = sourcecode.swift; path = Landmark.swift; sourceTree = "<group>"; };
		4BDD73A724B15394002C15FD /* Data.swift */ = {isa = PBXFileReference; lastKnownFileType = sourcecode.swift; path = Data.swift; sourceTree = "<group>"; };
		4BDD73A924B16928002C15FD /* LandmarkRow.swift */ = {isa = PBXFileReference; lastKnownFileType = sourcecode.swift; path = LandmarkRow.swift; sourceTree = "<group>"; };
		4BDD73AB24B16A83002C15FD /* LandmarkList.swift */ = {isa = PBXFileReference; lastKnownFileType = sourcecode.swift; path = LandmarkList.swift; sourceTree = "<group>"; };
		4BDD73AD24B17B47002C15FD /* icybay.jpg */ = {isa = PBXFileReference; lastKnownFileType = image.jpeg; path = icybay.jpg; sourceTree = "<group>"; };
		4BDD73AE24B17B47002C15FD /* twinlake.jpg */ = {isa = PBXFileReference; lastKnownFileType = image.jpeg; path = twinlake.jpg; sourceTree = "<group>"; };
		4BDD73AF24B17B47002C15FD /* lakemcdonald.jpg */ = {isa = PBXFileReference; lastKnownFileType = image.jpeg; path = lakemcdonald.jpg; sourceTree = "<group>"; };
		4BDD73B024B17B47002C15FD /* hiddenlake.jpg */ = {isa = PBXFileReference; lastKnownFileType = image.jpeg; path = hiddenlake.jpg; sourceTree = "<group>"; };
		4BDD73B124B17B47002C15FD /* umbagog.jpg */ = {isa = PBXFileReference; lastKnownFileType = image.jpeg; path = umbagog.jpg; sourceTree = "<group>"; };
		4BDD73B224B17B47002C15FD /* rainbowlake.jpg */ = {isa = PBXFileReference; lastKnownFileType = image.jpeg; path = rainbowlake.jpg; sourceTree = "<group>"; };
		4BDD73B324B17B47002C15FD /* stmarylake.jpg */ = {isa = PBXFileReference; lastKnownFileType = image.jpeg; path = stmarylake.jpg; sourceTree = "<group>"; };
		4BDD73B424B17B47002C15FD /* chincoteague.jpg */ = {isa = PBXFileReference; lastKnownFileType = image.jpeg; path = chincoteague.jpg; sourceTree = "<group>"; };
		4BDD73B524B17B47002C15FD /* landmarkData.json */ = {isa = PBXFileReference; fileEncoding = 4; lastKnownFileType = text.json; path = landmarkData.json; sourceTree = "<group>"; };
		4BDD73B624B17B47002C15FD /* silversalmoncreek.jpg */ = {isa = PBXFileReference; lastKnownFileType = image.jpeg; path = silversalmoncreek.jpg; sourceTree = "<group>"; };
		4BDD73B724B17B48002C15FD /* chilkoottrail.jpg */ = {isa = PBXFileReference; lastKnownFileType = image.jpeg; path = chilkoottrail.jpg; sourceTree = "<group>"; };
		4BDD73B824B17B48002C15FD /* charleyrivers.jpg */ = {isa = PBXFileReference; lastKnownFileType = image.jpeg; path = charleyrivers.jpg; sourceTree = "<group>"; };
		4BDD73B924B17B48002C15FD /* turtlerock.jpg */ = {isa = PBXFileReference; lastKnownFileType = image.jpeg; path = turtlerock.jpg; sourceTree = "<group>"; };
		4BDD73C724B18F16002C15FD /* UserData.swift */ = {isa = PBXFileReference; lastKnownFileType = sourcecode.swift; path = UserData.swift; sourceTree = "<group>"; };
/* End PBXFileReference section */

/* Begin PBXFrameworksBuildPhase section */
		4BDD736024B1314A002C15FD /* Frameworks */ = {
			isa = PBXFrameworksBuildPhase;
			buildActionMask = 2147483647;
			files = (
			);
			runOnlyForDeploymentPostprocessing = 0;
		};
/* End PBXFrameworksBuildPhase section */

/* Begin PBXGroup section */
		4BDD735A24B1314A002C15FD = {
			isa = PBXGroup;
			children = (
				4BDD736524B1314B002C15FD /* swiftuidemo */,
				4BDD736424B1314B002C15FD /* Products */,
			);
			sourceTree = "<group>";
		};
		4BDD736424B1314B002C15FD /* Products */ = {
			isa = PBXGroup;
			children = (
				4BDD736324B1314B002C15FD /* swiftuidemo.app */,
			);
			name = Products;
			sourceTree = "<group>";
		};
		4BDD736524B1314B002C15FD /* swiftuidemo */ = {
			isa = PBXGroup;
			children = (
				4BDD73A424B151BE002C15FD /* Model */,
				4BDD736624B1314B002C15FD /* AppDelegate.swift */,
				4BDD736824B1314B002C15FD /* SceneDelegate.swift */,
				4BDD736A24B1314B002C15FD /* LandmarkDetail.swift */,
				4BDD73A924B16928002C15FD /* LandmarkRow.swift */,
				4BDD73AB24B16A83002C15FD /* LandmarkList.swift */,
				4BDD738824B14EE4002C15FD /* Views */,
				4BDD736C24B1314E002C15FD /* Assets.xcassets */,
				4BDD738924B15194002C15FD /* Resources */,
				4BDD737124B1314E002C15FD /* LaunchScreen.storyboard */,
				4BDD737424B1314E002C15FD /* Info.plist */,
				4BDD736E24B1314E002C15FD /* Preview Content */,
			);
			path = swiftuidemo;
			sourceTree = "<group>";
		};
		4BDD736E24B1314E002C15FD /* Preview Content */ = {
			isa = PBXGroup;
			children = (
				4BDD736F24B1314E002C15FD /* Preview Assets.xcassets */,
			);
			path = "Preview Content";
			sourceTree = "<group>";
		};
		4BDD738824B14EE4002C15FD /* Views */ = {
			isa = PBXGroup;
			children = (
				4BDD738524B14D5A002C15FD /* CircleImage.swift */,
				4BDD738424B14D5A002C15FD /* MapView.swift */,
			);
			path = Views;
			sourceTree = "<group>";
		};
		4BDD738924B15194002C15FD /* Resources */ = {
			isa = PBXGroup;
			children = (
				4BDD73B824B17B48002C15FD /* charleyrivers.jpg */,
				4BDD73B724B17B48002C15FD /* chilkoottrail.jpg */,
				4BDD73B424B17B47002C15FD /* chincoteague.jpg */,
				4BDD73B024B17B47002C15FD /* hiddenlake.jpg */,
				4BDD73AD24B17B47002C15FD /* icybay.jpg */,
				4BDD73AF24B17B47002C15FD /* lakemcdonald.jpg */,
				4BDD73B524B17B47002C15FD /* landmarkData.json */,
				4BDD73B224B17B47002C15FD /* rainbowlake.jpg */,
				4BDD73B624B17B47002C15FD /* silversalmoncreek.jpg */,
				4BDD73B324B17B47002C15FD /* stmarylake.jpg */,
				4BDD73B924B17B48002C15FD /* turtlerock.jpg */,
				4BDD73AE24B17B47002C15FD /* twinlake.jpg */,
				4BDD73B124B17B47002C15FD /* umbagog.jpg */,
			);
			name = Resources;
			path = ../../../../../Downloads/BuildingListsAndNavigation/StartingPoint/Landmarks/Landmarks/Resources;
			sourceTree = "<group>";
		};
		4BDD73A424B151BE002C15FD /* Model */ = {
			isa = PBXGroup;
			children = (
				4BDD73A524B151E5002C15FD /* Landmark.swift */,
				4BDD73A724B15394002C15FD /* Data.swift */,
				4BDD73C724B18F16002C15FD /* UserData.swift */,
			);
			path = Model;
			sourceTree = "<group>";
		};
/* End PBXGroup section */

/* Begin PBXNativeTarget section */
		4BDD736224B1314A002C15FD /* swiftuidemo */ = {
			isa = PBXNativeTarget;
			buildConfigurationList = 4BDD737724B1314E002C15FD /* Build configuration list for PBXNativeTarget "swiftuidemo" */;
			buildPhases = (
				4BDD735F24B1314A002C15FD /* Sources */,
				4BDD736024B1314A002C15FD /* Frameworks */,
				4BDD736124B1314A002C15FD /* Resources */,
			);
			buildRules = (
			);
			dependencies = (
			);
			name = swiftuidemo;
			productName = swiftuidemo;
			productReference = 4BDD736324B1314B002C15FD /* swiftuidemo.app */;
			productType = "com.apple.product-type.application";
		};
/* End PBXNativeTarget section */

/* Begin PBXProject section */
		4BDD735B24B1314A002C15FD /* Project object */ = {
			isa = PBXProject;
			attributes = {
				LastSwiftUpdateCheck = 1150;
				LastUpgradeCheck = 1150;
				ORGANIZATIONNAME = "Mofizur Rahman";
				TargetAttributes = {
					4BDD736224B1314A002C15FD = {
						CreatedOnToolsVersion = 11.5;
					};
				};
			};
			buildConfigurationList = 4BDD735E24B1314A002C15FD /* Build configuration list for PBXProject "swiftuidemo" */;
			compatibilityVersion = "Xcode 9.3";
			developmentRegion = en;
			hasScannedForEncodings = 0;
			knownRegions = (
				en,
				Base,
			);
			mainGroup = 4BDD735A24B1314A002C15FD;
			productRefGroup = 4BDD736424B1314B002C15FD /* Products */;
			projectDirPath = "";
			projectRoot = "";
			targets = (
				4BDD736224B1314A002C15FD /* swiftuidemo */,
			);
		};
/* End PBXProject section */

/* Begin PBXResourcesBuildPhase section */
		4BDD736124B1314A002C15FD /* Resources */ = {
			isa = PBXResourcesBuildPhase;
			buildActionMask = 2147483647;
			files = (
				4BDD73C524B17B48002C15FD /* charleyrivers.jpg in Resources */,
				4BDD73C324B17B48002C15FD /* silversalmoncreek.jpg in Resources */,
				4BDD73BC24B17B48002C15FD /* lakemcdonald.jpg in Resources */,
				4BDD737324B1314E002C15FD /* LaunchScreen.storyboard in Resources */,
				4BDD73BB24B17B48002C15FD /* twinlake.jpg in Resources */,
				4BDD737024B1314E002C15FD /* Preview Assets.xcassets in Resources */,
				4BDD73BE24B17B48002C15FD /* umbagog.jpg in Resources */,
				4BDD73C224B17B48002C15FD /* landmarkData.json in Resources */,
				4BDD73BA24B17B48002C15FD /* icybay.jpg in Resources */,
				4BDD73C024B17B48002C15FD /* stmarylake.jpg in Resources */,
				4BDD73C424B17B48002C15FD /* chilkoottrail.jpg in Resources */,
				4BDD73C124B17B48002C15FD /* chincoteague.jpg in Resources */,
				4BDD73C624B17B48002C15FD /* turtlerock.jpg in Resources */,
				4BDD736D24B1314E002C15FD /* Assets.xcassets in Resources */,
				4BDD73BF24B17B48002C15FD /* rainbowlake.jpg in Resources */,
				4BDD73BD24B17B48002C15FD /* hiddenlake.jpg in Resources */,
			);
			runOnlyForDeploymentPostprocessing = 0;
		};
/* End PBXResourcesBuildPhase section */

/* Begin PBXSourcesBuildPhase section */
		4BDD735F24B1314A002C15FD /* Sources */ = {
			isa = PBXSourcesBuildPhase;
			buildActionMask = 2147483647;
			files = (
				4BDD73A824B15394002C15FD /* Data.swift in Sources */,
				4BDD736724B1314B002C15FD /* AppDelegate.swift in Sources */,
				4BDD736924B1314B002C15FD /* SceneDelegate.swift in Sources */,
				4BDD738624B14D5A002C15FD /* CircleImage.swift in Sources */,
				4BDD73C824B18F16002C15FD /* UserData.swift in Sources */,
				4BDD73AC24B16A83002C15FD /* LandmarkList.swift in Sources */,
				4BDD738724B14D5A002C15FD /* MapView.swift in Sources */,
				4BDD736B24B1314B002C15FD /* LandmarkDetail.swift in Sources */,
				4BDD73AA24B16928002C15FD /* LandmarkRow.swift in Sources */,
				4BDD73A624B151E5002C15FD /* Landmark.swift in Sources */,
			);
			runOnlyForDeploymentPostprocessing = 0;
		};
/* End PBXSourcesBuildPhase section */

/* Begin PBXVariantGroup section */
		4BDD737124B1314E002C15FD /* LaunchScreen.storyboard */ = {
			isa = PBXVariantGroup;
			children = (
				4BDD737224B1314E002C15FD /* Base */,
			);
			name = LaunchScreen.storyboard;
			sourceTree = "<group>";
		};
/* End PBXVariantGroup section */

/* Begin XCBuildConfiguration section */
		4BDD737524B1314E002C15FD /* Debug */ = {
			isa = XCBuildConfiguration;
			buildSettings = {
				ALWAYS_SEARCH_USER_PATHS = NO;
				CLANG_ANALYZER_NONNULL = YES;
				CLANG_ANALYZER_NUMBER_OBJECT_CONVERSION = YES_AGGRESSIVE;
				CLANG_CXX_LANGUAGE_STANDARD = "gnu++14";
				CLANG_CXX_LIBRARY = "libc++";
				CLANG_ENABLE_MODULES = YES;
				CLANG_ENABLE_OBJC_ARC = YES;
				CLANG_ENABLE_OBJC_WEAK = YES;
				CLANG_WARN_BLOCK_CAPTURE_AUTORELEASING = YES;
				CLANG_WARN_BOOL_CONVERSION = YES;
				CLANG_WARN_COMMA = YES;
				CLANG_WARN_CONSTANT_CONVERSION = YES;
				CLANG_WARN_DEPRECATED_OBJC_IMPLEMENTATIONS = YES;
				CLANG_WARN_DIRECT_OBJC_ISA_USAGE = YES_ERROR;
				CLANG_WARN_DOCUMENTATION_COMMENTS = YES;
				CLANG_WARN_EMPTY_BODY = YES;
				CLANG_WARN_ENUM_CONVERSION = YES;
				CLANG_WARN_INFINITE_RECURSION = YES;
				CLANG_WARN_INT_CONVERSION = YES;
				CLANG_WARN_NON_LITERAL_NULL_CONVERSION = YES;
				CLANG_WARN_OBJC_IMPLICIT_RETAIN_SELF = YES;
				CLANG_WARN_OBJC_LITERAL_CONVERSION = YES;
				CLANG_WARN_OBJC_ROOT_CLASS = YES_ERROR;
				CLANG_WARN_RANGE_LOOP_ANALYSIS = YES;
				CLANG_WARN_STRICT_PROTOTYPES = YES;
				CLANG_WARN_SUSPICIOUS_MOVE = YES;
				CLANG_WARN_UNGUARDED_AVAILABILITY = YES_AGGRESSIVE;
				CLANG_WARN_UNREACHABLE_CODE = YES;
				CLANG_WARN__DUPLICATE_METHOD_MATCH = YES;
				COPY_PHASE_STRIP = NO;
				DEBUG_INFORMATION_FORMAT = dwarf;
				ENABLE_STRICT_OBJC_MSGSEND = YES;
				ENABLE_TESTABILITY = YES;
				GCC_C_LANGUAGE_STANDARD = gnu11;
				GCC_DYNAMIC_NO_PIC = NO;
				GCC_NO_COMMON_BLOCKS = YES;
				GCC_OPTIMIZATION_LEVEL = 0;
				GCC_PREPROCESSOR_DEFINITIONS = (
					"DEBUG=1",
					"$(inherited)",
				);
				GCC_WARN_64_TO_32_BIT_CONVERSION = YES;
				GCC_WARN_ABOUT_RETURN_TYPE = YES_ERROR;
				GCC_WARN_UNDECLARED_SELECTOR = YES;
				GCC_WARN_UNINITIALIZED_AUTOS = YES_AGGRESSIVE;
				GCC_WARN_UNUSED_FUNCTION = YES;
				GCC_WARN_UNUSED_VARIABLE = YES;
				IPHONEOS_DEPLOYMENT_TARGET = 13.5;
				MTL_ENABLE_DEBUG_INFO = INCLUDE_SOURCE;
				MTL_FAST_MATH = YES;
				ONLY_ACTIVE_ARCH = YES;
				SDKROOT = iphoneos;
				SWIFT_ACTIVE_COMPILATION_CONDITIONS = DEBUG;
				SWIFT_OPTIMIZATION_LEVEL = "-Onone";
			};
			name = Debug;
		};
		4BDD737624B1314E002C15FD /* Release */ = {
			isa = XCBuildConfiguration;
			buildSettings = {
				ALWAYS_SEARCH_USER_PATHS = NO;
				CLANG_ANALYZER_NONNULL = YES;
				CLANG_ANALYZER_NUMBER_OBJECT_CONVERSION = YES_AGGRESSIVE;
				CLANG_CXX_LANGUAGE_STANDARD = "gnu++14";
				CLANG_CXX_LIBRARY = "libc++";
				CLANG_ENABLE_MODULES = YES;
				CLANG_ENABLE_OBJC_ARC = YES;
				CLANG_ENABLE_OBJC_WEAK = YES;
				CLANG_WARN_BLOCK_CAPTURE_AUTORELEASING = YES;
				CLANG_WARN_BOOL_CONVERSION = YES;
				CLANG_WARN_COMMA = YES;
				CLANG_WARN_CONSTANT_CONVERSION = YES;
				CLANG_WARN_DEPRECATED_OBJC_IMPLEMENTATIONS = YES;
				CLANG_WARN_DIRECT_OBJC_ISA_USAGE = YES_ERROR;
				CLANG_WARN_DOCUMENTATION_COMMENTS = YES;
				CLANG_WARN_EMPTY_BODY = YES;
				CLANG_WARN_ENUM_CONVERSION = YES;
				CLANG_WARN_INFINITE_RECURSION = YES;
				CLANG_WARN_INT_CONVERSION = YES;
				CLANG_WARN_NON_LITERAL_NULL_CONVERSION = YES;
				CLANG_WARN_OBJC_IMPLICIT_RETAIN_SELF = YES;
				CLANG_WARN_OBJC_LITERAL_CONVERSION = YES;
				CLANG_WARN_OBJC_ROOT_CLASS = YES_ERROR;
				CLANG_WARN_RANGE_LOOP_ANALYSIS = YES;
				CLANG_WARN_STRICT_PROTOTYPES = YES;
				CLANG_WARN_SUSPICIOUS_MOVE = YES;
				CLANG_WARN_UNGUARDED_AVAILABILITY = YES_AGGRESSIVE;
				CLANG_WARN_UNREACHABLE_CODE = YES;
				CLANG_WARN__DUPLICATE_METHOD_MATCH = YES;
				COPY_PHASE_STRIP = NO;
				DEBUG_INFORMATION_FORMAT = "dwarf-with-dsym";
				ENABLE_NS_ASSERTIONS = NO;
				ENABLE_STRICT_OBJC_MSGSEND = YES;
				GCC_C_LANGUAGE_STANDARD = gnu11;
				GCC_NO_COMMON_BLOCKS = YES;
				GCC_WARN_64_TO_32_BIT_CONVERSION = YES;
				GCC_WARN_ABOUT_RETURN_TYPE = YES_ERROR;
				GCC_WARN_UNDECLARED_SELECTOR = YES;
				GCC_WARN_UNINITIALIZED_AUTOS = YES_AGGRESSIVE;
				GCC_WARN_UNUSED_FUNCTION = YES;
				GCC_WARN_UNUSED_VARIABLE = YES;
				IPHONEOS_DEPLOYMENT_TARGET = 13.5;
				MTL_ENABLE_DEBUG_INFO = NO;
				MTL_FAST_MATH = YES;
				SDKROOT = iphoneos;
				SWIFT_COMPILATION_MODE = wholemodule;
				SWIFT_OPTIMIZATION_LEVEL = "-O";
				VALIDATE_PRODUCT = YES;
			};
			name = Release;
		};
		4BDD737824B1314E002C15FD /* Debug */ = {
			isa = XCBuildConfiguration;
			buildSettings = {
				ASSETCATALOG_COMPILER_APPICON_NAME = AppIcon;
				CODE_SIGN_STYLE = Automatic;
				DEVELOPMENT_ASSET_PATHS = "\"swiftuidemo/Preview Content\"";
				DEVELOPMENT_TEAM = 55NLZM6M55;
				ENABLE_PREVIEWS = YES;
				INFOPLIST_FILE = swiftuidemo/Info.plist;
				LD_RUNPATH_SEARCH_PATHS = (
					"$(inherited)",
					"@executable_path/Frameworks",
				);
				PRODUCT_BUNDLE_IDENTIFIER = com.moficodes.swiftuidemo;
				PRODUCT_NAME = "$(TARGET_NAME)";
				SWIFT_VERSION = 5.0;
				TARGETED_DEVICE_FAMILY = "1,2";
			};
			name = Debug;
		};
		4BDD737924B1314E002C15FD /* Release */ = {
			isa = XCBuildConfiguration;
			buildSettings = {
				ASSETCATALOG_COMPILER_APPICON_NAME = AppIcon;
				CODE_SIGN_STYLE = Automatic;
				DEVELOPMENT_ASSET_PATHS = "\"swiftuidemo/Preview Content\"";
				DEVELOPMENT_TEAM = 55NLZM6M55;
				ENABLE_PREVIEWS = YES;
				INFOPLIST_FILE = swiftuidemo/Info.plist;
				LD_RUNPATH_SEARCH_PATHS = (
					"$(inherited)",
					"@executable_path/Frameworks",
				);
				PRODUCT_BUNDLE_IDENTIFIER = com.moficodes.swiftuidemo;
				PRODUCT_NAME = "$(TARGET_NAME)";
				SWIFT_VERSION = 5.0;
				TARGETED_DEVICE_FAMILY = "1,2";
			};
			name = Release;
		};
/* End XCBuildConfiguration section */

/* Begin XCConfigurationList section */
		4BDD735E24B1314A002C15FD /* Build configuration list for PBXProject "swiftuidemo" */ = {
			isa = XCConfigurationList;
			buildConfigurations = (
				4BDD737524B1314E002C15FD /* Debug */,
				4BDD737624B1314E002C15FD /* Release */,
			);
			defaultConfigurationIsVisible = 0;
			defaultConfigurationName = Release;
		};
		4BDD737724B1314E002C15FD /* Build configuration list for PBXNativeTarget "swiftuidemo" */ = {
			isa = XCConfigurationList;
			buildConfigurations = (
				4BDD737824B1314E002C15FD /* Debug */,
				4BDD737924B1314E002C15FD /* Release */,
			);
			defaultConfigurationIsVisible = 0;
			defaultConfigurationName = Release;
		};
/* End XCConfigurationList section */
	};
	rootObject = 4BDD735B24B1314A002C15FD /* Project object */;
}
